{
  "requires": true,
  "lockfileVersion": 1,
  "dependencies": {
    "@nestjs/jwt": {
      "version": "10.2.0",
      "resolved": "https://registry.npmjs.org/@nestjs/jwt/-/jwt-10.2.0.tgz",
      "integrity": "sha512-x8cG90SURkEiLOehNaN2aRlotxT0KZESUliOPKKnjWiyJOcWurkF3w345WOX0P4MgFzUjGoZ1Sy0aZnxeihT0g==",
      "requires": {
        "@types/jsonwebtoken": "9.0.5",
        "jsonwebtoken": "9.0.2"
      }
    },
    "@popperjs/core": {
      "version": "2.11.6",
      "resolved": "https://registry.npmjs.org/@popperjs/core/-/core-2.11.6.tgz",
      "integrity": "sha512-50/17A98tWUfQ176raKiOGXuYpLyyVMkxxG6oylzL3BPOlA6ADGdK7EYunSa4I064xerltq9TGXs8HmOk5E+vw=="
    },
    "@tiptap/core": {
      "version": "2.0.0-beta.209",
      "resolved": "https://registry.npmjs.org/@tiptap/core/-/core-2.0.0-beta.209.tgz",
      "integrity": "sha512-DOOzfo2XKD5Qt2oEGW33/6ugwSnvpl4WbxtlKdPadLoApk6Kja3K1Eps3pihBgIGmo4tkctkCzmj8wNWS7KeWg=="
    },
    "@tiptap/extension-blockquote": {
      "version": "2.0.0-beta.209",
      "resolved": "https://registry.npmjs.org/@tiptap/extension-blockquote/-/extension-blockquote-2.0.0-beta.209.tgz",
      "integrity": "sha512-ay5c+SJ1vQOL5zpsr94jN15tCt0ytd7zPMM433pkhi9ZL0qqf1fZ+D0KzDs2z8N49rfArVpoo238V3ZChBh2sA=="
    },
    "@tiptap/extension-bold": {
      "version": "2.0.0-beta.209",
      "resolved": "https://registry.npmjs.org/@tiptap/extension-bold/-/extension-bold-2.0.0-beta.209.tgz",
      "integrity": "sha512-8jaoZSe55iwuEvwdM1mPhlgE+/tDyveECv0d1qogUcbPdIkhDQaNlIOmuH9Ftr465iIDthMjt4GB6AWi5tfsMg=="
    },
    "@tiptap/extension-bubble-menu": {
      "version": "2.0.0-beta.209",
      "resolved": "https://registry.npmjs.org/@tiptap/extension-bubble-menu/-/extension-bubble-menu-2.0.0-beta.209.tgz",
      "integrity": "sha512-tceZAuDpy3J96uGyCzpJFD3fHABJDTJTq5E0hm+TRQT+eVGVqZI0PE3/4yVFgkCshioTuJq8veMDFcqNsSkKsQ==",
      "requires": {
        "@tiptap/core": "^2.0.0-beta.209",
        "lodash": "^4.17.21",
        "prosemirror-state": "^1.4.1",
        "prosemirror-view": "^1.28.2",
        "tippy.js": "^6.3.7"
      }
    },
    "@tiptap/extension-bullet-list": {
      "version": "2.0.0-beta.209",
      "resolved": "https://registry.npmjs.org/@tiptap/extension-bullet-list/-/extension-bullet-list-2.0.0-beta.209.tgz",
      "integrity": "sha512-NGoSYakXCiKb5xrVe339Acu2iherOGQUR1bAeWgOKf+dINvIdjawnud6fIeB3n1h95aDvsmYuH1o9B+/bd7e3w=="
    },
    "@tiptap/extension-code": {
      "version": "2.0.0-beta.209",
      "resolved": "https://registry.npmjs.org/@tiptap/extension-code/-/extension-code-2.0.0-beta.209.tgz",
      "integrity": "sha512-LCcfQMroYps6o9ASpVZqYbbdTkSwxTokjmkkKKmWZlZSJ/h+1kThOnRZgcPkfSeaaC30T+LSxAXXyf1dMgl5+Q=="
    },
    "@tiptap/extension-code-block": {
      "version": "2.0.0-beta.209",
      "resolved": "https://registry.npmjs.org/@tiptap/extension-code-block/-/extension-code-block-2.0.0-beta.209.tgz",
      "integrity": "sha512-FlMud3yhAilHrcHbW4iUEagAdvpOJW1lTSiiDfbtVpyybjNJQQMa5zhSKi4blG2xBEGXZhqL0XuWDGERNsVawQ=="
    },
    "@tiptap/extension-document": {
      "version": "2.0.0-beta.209",
      "resolved": "https://registry.npmjs.org/@tiptap/extension-document/-/extension-document-2.0.0-beta.209.tgz",
      "integrity": "sha512-ZRTC5j0J6fNTtIcU6UnxJm5KZrfJI2pygCJ172mMNzwE89upJMhRSP0CvPWTY7nf0odmQTJ5vD99QDR4CdOTng=="
    },
    "@tiptap/extension-dropcursor": {
      "version": "2.0.0-beta.209",
      "resolved": "https://registry.npmjs.org/@tiptap/extension-dropcursor/-/extension-dropcursor-2.0.0-beta.209.tgz",
      "integrity": "sha512-b4RxbZg4hza4p1Lp+m4CWkIIMVgoAKSo49OyvO/Y/igtQ0DcdQutSJDEPeEhuqy+jPdQFaU5GBonSvVi89Loog=="
    },
    "@tiptap/extension-floating-menu": {
      "version": "2.0.0-beta.209",
      "resolved": "https://registry.npmjs.org/@tiptap/extension-floating-menu/-/extension-floating-menu-2.0.0-beta.209.tgz",
      "integrity": "sha512-m5ucAguqDxuOvNcsmvuSLcN8TMkbhFmiC6dTJOyaAGjGn6d8Ly6aZh+lEwU228TebM0TKHTp8Xob1cLjV4TGgg==",
      "requires": {
        "tippy.js": "^6.3.7"
      }
    },
    "@tiptap/extension-gapcursor": {
      "version": "2.0.0-beta.209",
      "resolved": "https://registry.npmjs.org/@tiptap/extension-gapcursor/-/extension-gapcursor-2.0.0-beta.209.tgz",
      "integrity": "sha512-F03mr2VV5bZycIVWHCIYpQTzs9tC+goWJFhbJgPrT62f1gUAnlc1ZRc79mSqw1AxTsfbDvAc65OlUJb0QfxDWA=="
    },
    "@tiptap/extension-hard-break": {
      "version": "2.0.0-beta.209",
      "resolved": "https://registry.npmjs.org/@tiptap/extension-hard-break/-/extension-hard-break-2.0.0-beta.209.tgz",
      "integrity": "sha512-BS0z9SshfJ5ESssiVaVe61901BrTLCAgxc9NPmi4Va2sszXJysI2Vm8q4jDHL6IehkCQpQZNAihT9eSBPHQR0w=="
    },
    "@tiptap/extension-heading": {
      "version": "2.0.0-beta.209",
      "resolved": "https://registry.npmjs.org/@tiptap/extension-heading/-/extension-heading-2.0.0-beta.209.tgz",
      "integrity": "sha512-eqq9if0XsPjLvivM5gNUqSHj5I4Zpiv66NPO+pM4ig0Wq2CjjxWzzgmdSLfTPGRfsZe9kPCOgO86AAB07am3fQ=="
    },
    "@tiptap/extension-history": {
      "version": "2.0.0-beta.209",
      "resolved": "https://registry.npmjs.org/@tiptap/extension-history/-/extension-history-2.0.0-beta.209.tgz",
      "integrity": "sha512-P5nw+r47gBdac4igeaBvW6gxsZUnS67SRgbAyQSmXVe45NXc1t0EUb2Be9YuHRKDVxhJUhGT8NawPY70Fgk4mQ=="
    },
    "@tiptap/extension-horizontal-rule": {
      "version": "2.0.0-beta.209",
      "resolved": "https://registry.npmjs.org/@tiptap/extension-horizontal-rule/-/extension-horizontal-rule-2.0.0-beta.209.tgz",
      "integrity": "sha512-53RU9kDVb1jowJ3Frx8QW0E05uEOCpeG3HfUCMjz8anGtefxFtMS7xYZ9sC+niJeVmXC+mUSjFGageL4iRIdqA=="
    },
    "@tiptap/extension-italic": {
      "version": "2.0.0-beta.209",
      "resolved": "https://registry.npmjs.org/@tiptap/extension-italic/-/extension-italic-2.0.0-beta.209.tgz",
      "integrity": "sha512-KnRdbqfD01tcCnUNypA3TX3FqmQSFwu7/9YU3vwS8Zyaz+OIc/g/vJai5twg1DzFAvIcYWzRFPTFcqkjwkcW1w=="
    },
    "@tiptap/extension-list-item": {
      "version": "2.0.0-beta.209",
      "resolved": "https://registry.npmjs.org/@tiptap/extension-list-item/-/extension-list-item-2.0.0-beta.209.tgz",
      "integrity": "sha512-qkHwymyGfXIVAiqLXvL66UzGLhYpD2BYbSSAIQ6Rmuvk4aeNrsBvFv9tL7+YsYLKvlOa4+Q+PN2uhST+lOH0hw=="
    },
    "@tiptap/extension-ordered-list": {
      "version": "2.0.0-beta.209",
      "resolved": "https://registry.npmjs.org/@tiptap/extension-ordered-list/-/extension-ordered-list-2.0.0-beta.209.tgz",
      "integrity": "sha512-PhJ9uqxqKVO97rb2MzW/TzQJ9XQicp9gsV/y0QbAEv1ZOH9QI/qF5sCe6BfeN8ZoMyYUEh6de3yxQL8iXSFWsw=="
    },
    "@tiptap/extension-paragraph": {
      "version": "2.0.0-beta.209",
      "resolved": "https://registry.npmjs.org/@tiptap/extension-paragraph/-/extension-paragraph-2.0.0-beta.209.tgz",
      "integrity": "sha512-XkiguVbOX/KJwux2wdurvZRwG1UulpZ3Uhw7Yl59sLBf7YDw8H781EMgVvaLSWf3B1o27/yOyc+kiepW/Pp9Wg=="
    },
    "@tiptap/extension-strike": {
      "version": "2.0.0-beta.209",
      "resolved": "https://registry.npmjs.org/@tiptap/extension-strike/-/extension-strike-2.0.0-beta.209.tgz",
      "integrity": "sha512-k8yaeyMYBzdq5U1zv5DYZt3KtpglPHV2JX7dYfNyoFpiX+6IJ2EwSuTXUGilZGRpyUw6UxeDF0yJbiOGMeEIDA=="
    },
    "@tiptap/extension-text": {
      "version": "2.0.0-beta.209",
      "resolved": "https://registry.npmjs.org/@tiptap/extension-text/-/extension-text-2.0.0-beta.209.tgz",
      "integrity": "sha512-12PTPTQViDR7xDLwxGMPiYaV89E9olH/+4Zfoh6QiOjHqhmgYu3+/c8YZ3eARgXnfpy/EzUD0PBxiAyDZJ1vdw=="
    },
    "@tiptap/starter-kit": {
      "version": "2.0.0-beta.209",
      "resolved": "https://registry.npmjs.org/@tiptap/starter-kit/-/starter-kit-2.0.0-beta.209.tgz",
      "integrity": "sha512-uR68ZfDZ5PeygGey3xc9ZuFIP+K7VRElrABnZcM6t9/Crrs70UFwSTNlkS0ezx9woj8h+8N78a6r8W1YC04TOw==",
      "requires": {
        "@tiptap/core": "^2.0.0-beta.209",
        "@tiptap/extension-blockquote": "^2.0.0-beta.209",
        "@tiptap/extension-bold": "^2.0.0-beta.209",
        "@tiptap/extension-bullet-list": "^2.0.0-beta.209",
        "@tiptap/extension-code": "^2.0.0-beta.209",
        "@tiptap/extension-code-block": "^2.0.0-beta.209",
        "@tiptap/extension-document": "^2.0.0-beta.209",
        "@tiptap/extension-dropcursor": "^2.0.0-beta.209",
        "@tiptap/extension-gapcursor": "^2.0.0-beta.209",
        "@tiptap/extension-hard-break": "^2.0.0-beta.209",
        "@tiptap/extension-heading": "^2.0.0-beta.209",
        "@tiptap/extension-history": "^2.0.0-beta.209",
        "@tiptap/extension-horizontal-rule": "^2.0.0-beta.209",
        "@tiptap/extension-italic": "^2.0.0-beta.209",
        "@tiptap/extension-list-item": "^2.0.0-beta.209",
        "@tiptap/extension-ordered-list": "^2.0.0-beta.209",
        "@tiptap/extension-paragraph": "^2.0.0-beta.209",
        "@tiptap/extension-strike": "^2.0.0-beta.209",
        "@tiptap/extension-text": "^2.0.0-beta.209"
      }
    },
    "@tiptap/vue-3": {
      "version": "2.0.0-beta.209",
      "resolved": "https://registry.npmjs.org/@tiptap/vue-3/-/vue-3-2.0.0-beta.209.tgz",
      "integrity": "sha512-v0GUO6mcRgDfT6bNX3fHJds9QIpYqFBiGaanvTDVlOhErOSgrOx2+QuEieG0F9nUQ1az9h0kj5NZxvP9CeTlcQ==",
      "requires": {
        "@tiptap/extension-bubble-menu": "^2.0.0-beta.209",
        "@tiptap/extension-floating-menu": "^2.0.0-beta.209"
      }
    },
    "@types/body-parser": {
      "version": "1.19.5",
      "resolved": "https://registry.npmjs.org/@types/body-parser/-/body-parser-1.19.5.tgz",
      "integrity": "sha512-fB3Zu92ucau0iQ0JMCFQE7b/dv8Ot07NI3KaZIkIUNXq82k4eBAqUaneXfleGY9JWskeS9y+u0nXMyspcuQrCg==",
      "dev": true,
      "requires": {
        "@types/connect": "*",
        "@types/node": "*"
      }
    },
    "@types/connect": {
      "version": "3.4.38",
      "resolved": "https://registry.npmjs.org/@types/connect/-/connect-3.4.38.tgz",
      "integrity": "sha512-K6uROf1LD88uDQqJCktA4yzL1YYAK6NgfsI0v/mTgyPKWsX1CnJ0XPSDhViejru1GcRkLWb8RlzFYJRqGUbaug==",
      "dev": true,
      "requires": {
        "@types/node": "*"
      }
    },
    "@types/express": {
      "version": "4.17.21",
      "resolved": "https://registry.npmjs.org/@types/express/-/express-4.17.21.tgz",
      "integrity": "sha512-ejlPM315qwLpaQlQDTjPdsUFSc6ZsP4AN6AlWnogPjQ7CVi7PYF3YVz+CY3jE2pwYf7E/7HlDAN0rV2GxTG0HQ==",
      "dev": true,
      "requires": {
        "@types/body-parser": "*",
        "@types/express-serve-static-core": "^4.17.33",
        "@types/qs": "*",
        "@types/serve-static": "*"
      }
    },
    "@types/express-serve-static-core": {
      "version": "4.17.41",
      "resolved": "https://registry.npmjs.org/@types/express-serve-static-core/-/express-serve-static-core-4.17.41.tgz",
      "integrity": "sha512-OaJ7XLaelTgrvlZD8/aa0vvvxZdUmlCn6MtWeB7TkiKW70BQLc9XEPpDLPdbo52ZhXUCrznlWdCHWxJWtdyajA==",
      "dev": true,
      "requires": {
        "@types/node": "*",
        "@types/qs": "*",
        "@types/range-parser": "*",
        "@types/send": "*"
      }
    },
    "@types/http-errors": {
      "version": "2.0.4",
      "resolved": "https://registry.npmjs.org/@types/http-errors/-/http-errors-2.0.4.tgz",
      "integrity": "sha512-D0CFMMtydbJAegzOyHjtiKPLlvnm3iTZyZRSZoLq2mRhDdmLfIWOCYPfQJ4cu2erKghU++QvjcUjp/5h7hESpA==",
      "dev": true
    },
    "@types/jsonwebtoken": {
      "version": "9.0.5",
      "resolved": "https://registry.npmjs.org/@types/jsonwebtoken/-/jsonwebtoken-9.0.5.tgz",
      "integrity": "sha512-VRLSGzik+Unrup6BsouBeHsf4d1hOEgYWTm/7Nmw1sXoN1+tRly/Gy/po3yeahnP4jfnQWWAhQAqcNfH7ngOkA==",
      "requires": {
        "@types/node": "*"
      }
    },
    "@types/mime": {
      "version": "1.3.5",
      "resolved": "https://registry.npmjs.org/@types/mime/-/mime-1.3.5.tgz",
      "integrity": "sha512-/pyBZWSLD2n0dcHE3hq8s8ZvcETHtEuF+3E7XVt0Ig2nvsVQXdghHVcEkIWjy9A0wKfTn97a/PSDYohKIlnP/w==",
      "dev": true
    },
    "@types/node": {
      "version": "20.10.5",
      "resolved": "https://registry.npmjs.org/@types/node/-/node-20.10.5.tgz",
      "integrity": "sha512-nNPsNE65wjMxEKI93yOP+NPGGBJz/PoN3kZsVLee0XMiJolxSekEVD8wRwBUBqkwc7UWop0edW50yrCQW4CyRw==",
      "requires": {
        "undici-types": "~5.26.4"
      }
    },
    "@types/passport": {
      "version": "1.0.16",
      "resolved": "https://registry.npmjs.org/@types/passport/-/passport-1.0.16.tgz",
      "integrity": "sha512-FD0qD5hbPWQzaM0wHUnJ/T0BBCJBxCeemtnCwc/ThhTg3x9jfrAcRUmj5Dopza+MfFS9acTe3wk7rcVnRIp/0A==",
      "dev": true,
      "requires": {
        "@types/express": "*"
      }
    },
    "@types/passport-jwt": {
      "version": "3.0.13",
      "resolved": "https://registry.npmjs.org/@types/passport-jwt/-/passport-jwt-3.0.13.tgz",
      "integrity": "sha512-fjHaC6Bv8EpMMqzTnHP32SXlZGaNfBPC/Po5dmRGYi2Ky7ljXPbGnOy+SxZqa6iZvFgVhoJ1915Re3m93zmcfA==",
      "dev": true,
      "requires": {
        "@types/express": "*",
        "@types/jsonwebtoken": "*",
        "@types/passport-strategy": "*"
      }
    },
    "@types/passport-strategy": {
      "version": "0.2.38",
      "resolved": "https://registry.npmjs.org/@types/passport-strategy/-/passport-strategy-0.2.38.tgz",
      "integrity": "sha512-GC6eMqqojOooq993Tmnmp7AUTbbQSgilyvpCYQjT+H6JfG/g6RGc7nXEniZlp0zyKJ0WUdOiZWLBZft9Yug1uA==",
      "dev": true,
      "requires": {
        "@types/express": "*",
        "@types/passport": "*"
      }
    },
    "@types/qs": {
      "version": "6.9.11",
      "resolved": "https://registry.npmjs.org/@types/qs/-/qs-6.9.11.tgz",
      "integrity": "sha512-oGk0gmhnEJK4Yyk+oI7EfXsLayXatCWPHary1MtcmbAifkobT9cM9yutG/hZKIseOU0MqbIwQ/u2nn/Gb+ltuQ==",
      "dev": true
    },
    "@types/range-parser": {
      "version": "1.2.7",
      "resolved": "https://registry.npmjs.org/@types/range-parser/-/range-parser-1.2.7.tgz",
      "integrity": "sha512-hKormJbkJqzQGhziax5PItDUTMAM9uE2XXQmM37dyd4hVM+5aVl7oVxMVUiVQn2oCQFN/LKCZdvSM0pFRqbSmQ==",
      "dev": true
    },
    "@types/send": {
      "version": "0.17.4",
      "resolved": "https://registry.npmjs.org/@types/send/-/send-0.17.4.tgz",
      "integrity": "sha512-x2EM6TJOybec7c52BX0ZspPodMsQUd5L6PRwOunVyVUhXiBSKf3AezDL8Dgvgt5o0UfKNfuA0eMLr2wLT4AiBA==",
      "dev": true,
      "requires": {
        "@types/mime": "^1",
        "@types/node": "*"
      }
    },
    "@types/serve-static": {
      "version": "1.15.5",
      "resolved": "https://registry.npmjs.org/@types/serve-static/-/serve-static-1.15.5.tgz",
      "integrity": "sha512-PDRk21MnK70hja/YF8AHfC7yIsiQHn1rcXx7ijCFBX/k+XQJhQT/gw3xekXKJvx+5SXaMMS8oqQy09Mzvz2TuQ==",
      "dev": true,
      "requires": {
        "@types/http-errors": "*",
        "@types/mime": "*",
        "@types/node": "*"
      }
    },
    "buffer-equal-constant-time": {
      "version": "1.0.1",
      "resolved": "https://registry.npmjs.org/buffer-equal-constant-time/-/buffer-equal-constant-time-1.0.1.tgz",
      "integrity": "sha512-zRpUiDwd/xk6ADqPMATG8vc9VPrkck7T07OIx0gnjmJAnHnTVXNQG3vfvWNuiZIkwu9KrKdA1iJKfsfTVxE6NA=="
    },
    "ecdsa-sig-formatter": {
      "version": "1.0.11",
      "resolved": "https://registry.npmjs.org/ecdsa-sig-formatter/-/ecdsa-sig-formatter-1.0.11.tgz",
      "integrity": "sha512-nagl3RYrbNv6kQkeJIpt6NJZy8twLB/2vtz6yN9Z4vRKHN4/QZJIEbqohALSgwKdnksuY3k5Addp5lg8sVoVcQ==",
      "requires": {
        "safe-buffer": "^5.0.1"
      }
    },
    "jsonwebtoken": {
      "version": "9.0.2",
      "resolved": "https://registry.npmjs.org/jsonwebtoken/-/jsonwebtoken-9.0.2.tgz",
      "integrity": "sha512-PRp66vJ865SSqOlgqS8hujT5U4AOgMfhrwYIuIhfKaoSCZcirrmASQr8CX7cUg+RMih+hgznrjp99o+W4pJLHQ==",
      "requires": {
        "jws": "^3.2.2",
        "lodash.includes": "^4.3.0",
        "lodash.isboolean": "^3.0.3",
        "lodash.isinteger": "^4.0.4",
        "lodash.isnumber": "^3.0.3",
        "lodash.isplainobject": "^4.0.6",
        "lodash.isstring": "^4.0.1",
        "lodash.once": "^4.0.0",
        "ms": "^2.1.1",
        "semver": "^7.5.4"
      }
    },
    "jwa": {
      "version": "1.4.1",
      "resolved": "https://registry.npmjs.org/jwa/-/jwa-1.4.1.tgz",
      "integrity": "sha512-qiLX/xhEEFKUAJ6FiBMbes3w9ATzyk5W7Hvzpa/SLYdxNtng+gcurvrI7TbACjIXlsJyr05/S1oUhZrc63evQA==",
      "requires": {
        "buffer-equal-constant-time": "1.0.1",
        "ecdsa-sig-formatter": "1.0.11",
        "safe-buffer": "^5.0.1"
      }
    },
    "jws": {
      "version": "3.2.2",
      "resolved": "https://registry.npmjs.org/jws/-/jws-3.2.2.tgz",
      "integrity": "sha512-YHlZCB6lMTllWDtSPHz/ZXTsi8S00usEV6v1tjq8tOUZzw7DpSDWVXjXDre6ed1w/pd495ODpHZYSdkRTsa0HA==",
      "requires": {
        "jwa": "^1.4.1",
        "safe-buffer": "^5.0.1"
      }
    },
    "lodash": {
      "version": "4.17.21",
      "resolved": "https://registry.npmjs.org/lodash/-/lodash-4.17.21.tgz",
      "integrity": "sha512-v2kDEe57lecTulaDIuNTPy3Ry4gLGJ6Z1O3vE1krgXZNrsQ+LFTGHVxVjcXPs17LhbZVGedAJv8XZ1tvj5FvSg=="
    },
    "lodash.includes": {
      "version": "4.3.0",
      "resolved": "https://registry.npmjs.org/lodash.includes/-/lodash.includes-4.3.0.tgz",
      "integrity": "sha512-W3Bx6mdkRTGtlJISOvVD/lbqjTlPPUDTMnlXZFnVwi9NKJ6tiAk6LVdlhZMm17VZisqhKcgzpO5Wz91PCt5b0w=="
    },
    "lodash.isboolean": {
      "version": "3.0.3",
      "resolved": "https://registry.npmjs.org/lodash.isboolean/-/lodash.isboolean-3.0.3.tgz",
      "integrity": "sha512-Bz5mupy2SVbPHURB98VAcw+aHh4vRV5IPNhILUCsOzRmsTmSQ17jIuqopAentWoehktxGd9e/hbIXq980/1QJg=="
    },
    "lodash.isinteger": {
      "version": "4.0.4",
      "resolved": "https://registry.npmjs.org/lodash.isinteger/-/lodash.isinteger-4.0.4.tgz",
      "integrity": "sha512-DBwtEWN2caHQ9/imiNeEA5ys1JoRtRfY3d7V9wkqtbycnAmTvRRmbHKDV4a0EYc678/dia0jrte4tjYwVBaZUA=="
    },
    "lodash.isnumber": {
      "version": "3.0.3",
      "resolved": "https://registry.npmjs.org/lodash.isnumber/-/lodash.isnumber-3.0.3.tgz",
      "integrity": "sha512-QYqzpfwO3/CWf3XP+Z+tkQsfaLL/EnUlXWVkIk5FUPc4sBdTehEqZONuyRt2P67PXAk+NXmTBcc97zw9t1FQrw=="
    },
    "lodash.isplainobject": {
      "version": "4.0.6",
      "resolved": "https://registry.npmjs.org/lodash.isplainobject/-/lodash.isplainobject-4.0.6.tgz",
      "integrity": "sha512-oSXzaWypCMHkPC3NvBEaPHf0KsA5mvPrOPgQWDsbg8n7orZ290M0BmC/jgRZ4vcJ6DTAhjrsSYgdsW/F+MFOBA=="
    },
    "lodash.isstring": {
      "version": "4.0.1",
      "resolved": "https://registry.npmjs.org/lodash.isstring/-/lodash.isstring-4.0.1.tgz",
      "integrity": "sha512-0wJxfxH1wgO3GrbuP+dTTk7op+6L41QCXbGINEmD+ny/G/eCqGzxyCsh7159S+mgDDcoarnBw6PC1PS5+wUGgw=="
    },
    "lodash.once": {
      "version": "4.1.1",
      "resolved": "https://registry.npmjs.org/lodash.once/-/lodash.once-4.1.1.tgz",
      "integrity": "sha512-Sb487aTOCr9drQVL8pIxOzVhafOjZN9UU54hiN8PU3uAiSV7lx1yYNpbNmex2PK6dSJoNTSJUUswT651yww3Mg=="
    },
    "ms": {
      "version": "2.1.3",
      "resolved": "https://registry.npmjs.org/ms/-/ms-2.1.3.tgz",
      "integrity": "sha512-6FlzubTLZG3J2a/NVCAleEhjzq5oxgHyaCU9yYXvcLsvoVaHJq/s5xXI6/XXP6tz7R9xAOtHnSO/tXtF3WRTlA=="
    },
    "orderedmap": {
      "version": "2.1.0",
      "resolved": "https://registry.npmjs.org/orderedmap/-/orderedmap-2.1.0.tgz",
      "integrity": "sha512-/pIFexOm6S70EPdznemIz3BQZoJ4VTFrhqzu0ACBqBgeLsLxq8e6Jim63ImIfwW/zAD1AlXpRMlOv3aghmo4dA=="
    },
    "passport-jwt": {
      "version": "4.0.1",
      "resolved": "https://registry.npmjs.org/passport-jwt/-/passport-jwt-4.0.1.tgz",
      "integrity": "sha512-UCKMDYhNuGOBE9/9Ycuoyh7vP6jpeTp/+sfMJl7nLff/t6dps+iaeE0hhNkKN8/HZHcJ7lCdOyDxHdDoxoSvdQ==",
      "requires": {
        "jsonwebtoken": "^9.0.0",
        "passport-strategy": "^1.0.0"
      }
    },
    "passport-strategy": {
      "version": "1.0.0",
      "resolved": "https://registry.npmjs.org/passport-strategy/-/passport-strategy-1.0.0.tgz",
      "integrity": "sha512-CB97UUvDKJde2V0KDWWB3lyf6PC3FaZP7YxZ2G8OAtn9p4HI9j9JLP9qjOGZFvyl8uwNT8qM+hGnz/n16NI7oA=="
    },
    "prosemirror-model": {
      "version": "1.19.0",
      "resolved": "https://registry.npmjs.org/prosemirror-model/-/prosemirror-model-1.19.0.tgz",
      "integrity": "sha512-/CvFGJnwc41EJSfDkQLly1cAJJJmBpZwwUJtwZPTjY2RqZJfM8HVbCreOY/jti8wTRbVyjagcylyGoeJH/g/3w==",
      "requires": {
        "orderedmap": "^2.0.0"
      }
    },
    "prosemirror-state": {
      "version": "1.4.2",
      "resolved": "https://registry.npmjs.org/prosemirror-state/-/prosemirror-state-1.4.2.tgz",
      "integrity": "sha512-puuzLD2mz/oTdfgd8msFbe0A42j5eNudKAAPDB0+QJRw8cO1ygjLmhLrg9RvDpf87Dkd6D4t93qdef00KKNacQ==",
      "requires": {
        "prosemirror-model": "^1.0.0",
        "prosemirror-transform": "^1.0.0",
        "prosemirror-view": "^1.27.0"
      }
    },
    "prosemirror-transform": {
      "version": "1.7.1",
      "resolved": "https://registry.npmjs.org/prosemirror-transform/-/prosemirror-transform-1.7.1.tgz",
      "integrity": "sha512-VteoifAfpt46z0yEt6Fc73A5OID9t/y2QIeR5MgxEwTuitadEunD/V0c9jQW8ziT8pbFM54uTzRLJ/nLuQjMxg==",
      "requires": {
        "prosemirror-model": "^1.0.0"
      }
    },
    "prosemirror-view": {
      "version": "1.30.0",
      "resolved": "https://registry.npmjs.org/prosemirror-view/-/prosemirror-view-1.30.0.tgz",
      "integrity": "sha512-z6RXp2GFH8mk7+LWCGWvdpOIpf5o5UwIB6SiBiTFe6eA8H8qwFDW0EkiIfohlATHoSGXvlHtD+hfpAHdfO5fvQ==",
      "requires": {
        "prosemirror-model": "^1.16.0",
        "prosemirror-state": "^1.0.0",
        "prosemirror-transform": "^1.1.0"
      }
    },
    "safe-buffer": {
      "version": "5.2.1",
      "resolved": "https://registry.npmjs.org/safe-buffer/-/safe-buffer-5.2.1.tgz",
      "integrity": "sha512-rp3So07KcdmmKbGvgaNxQSJr7bGVSVk5S9Eq1F+ppbRo70+YeaDxkw5Dd8NPN+GD6bjnYm2VuPuCXmpuYvmCXQ=="
    },
    "semver": {
      "version": "7.5.4",
      "resolved": "https://registry.npmjs.org/semver/-/semver-7.5.4.tgz",
      "integrity": "sha512-1bCSESV6Pv+i21Hvpxp3Dx+pSD8lIPt8uVjRrxAUt/nbswYc+tK6Y2btiULjd4+fnq15PX+nqQDC7Oft7WkwcA==",
      "requires": {
        "lru-cache": "^6.0.0"
      },
      "dependencies": {
        "lru-cache": {
          "version": "6.0.0",
          "resolved": "https://registry.npmjs.org/lru-cache/-/lru-cache-6.0.0.tgz",
          "integrity": "sha512-Jo6dJ04CmSjuznwJSS3pUeWmd/H0ffTlkXXgwZi+eq1UCmqQwCh+eLsYOYCwY991i2Fah4h1BEMCx4qThGbsiA==",
          "requires": {
            "yallist": "^4.0.0"
          }
        }
      }
    },
    "tippy.js": {
      "version": "6.3.7",
      "resolved": "https://registry.npmjs.org/tippy.js/-/tippy.js-6.3.7.tgz",
      "integrity": "sha512-E1d3oP2emgJ9dRQZdf3Kkn0qJgI6ZLpyS5z6ZkY1DF3kaQaBsGZsndEpHwx+eC+tYM41HaSNvNtLx8tU57FzTQ==",
      "requires": {
        "@popperjs/core": "^2.9.0"
      }
    },
    "undici-types": {
      "version": "5.26.5",
      "resolved": "https://registry.npmjs.org/undici-types/-/undici-types-5.26.5.tgz",
      "integrity": "sha512-JlCMO+ehdEIKqlFxk6IfVoAUVmgz7cU7zD/h9XZ0qzeosSHmUJVOzSQvvYSYWXkFXC+IfLKSIffhv0sVZup6pA=="
    },
    "yallist": {
      "version": "4.0.0",
      "resolved": "https://registry.npmjs.org/yallist/-/yallist-4.0.0.tgz",
      "integrity": "sha512-3wdGidZyq5PB084XLES5TpOSRA3wjXAlIWMhum2kRcv/41Sn2emQ0dycQW4uZXLejwKvg6EsvbdlVL+FYEct7A=="
    }
  }
}
